PODS:
  - Adjust (4.2.7):
    - Adjust/Core (= 4.2.7)
  - Adjust/Core (4.2.7)
  - Branch (0.10.5)
  - Canvas (0.1.2)
  - FCUUID (1.1.4):
    - UICKeyChainStore (~> 1.0.5)
  - KIF (3.2.3):
    - KIF/XCTest (= 3.2.3)
  - KIF/XCTest (3.2.3)
  - Mixpanel (2.7.3):
    - Mixpanel/MPCategoryHelpers (= 2.7.3)
  - Mixpanel/MPCategoryHelpers (2.7.3)
  - mopub-ios-sdk (3.8.0):
    - mopub-ios-sdk/MoPubSDK (= 3.8.0)
  - mopub-ios-sdk/MoPubSDK (3.8.0)
  - PaymentKit (1.1.1)
  - PureLayout (3.0.0)
  - Stripe (3.1.0):
    - Stripe/Core (= 3.1.0)
  - Stripe/ApplePay (3.1.0):
    - Stripe/Core
  - Stripe/Core (3.1.0)
  - UICKeyChainStore (1.0.5)

DEPENDENCIES:
  - Adjust (from `git://github.com/adjust/ios_sdk.git`, tag `v4.2.7`)
  - Branch
  - Canvas
  - FCUUID
  - KIF (~> 3.0)
  - Mixpanel
  - mopub-ios-sdk
  - PaymentKit
  - PureLayout
  - Stripe
  - Stripe/ApplePay

EXTERNAL SOURCES:
  Adjust:
    :git: git://github.com/adjust/ios_sdk.git
    :tag: v4.2.7

CHECKOUT OPTIONS:
  Adjust:
    :git: git://github.com/adjust/ios_sdk.git
    :tag: v4.2.7

SPEC CHECKSUMS:
  Adjust: 2c3d4db6047c6bba68d7c5ede63fbdc989eb57b7
  Branch: c12209a965c1f93083fb515084a4f5b8cbfc7c56
  Canvas: eb861e3b555d032648146c8ffda1a5dea40059ca
  FCUUID: 178c3d7907b1399137f1093f9c04ce4825755292
  KIF: a94bffe9c97e449e44f8fa481c53243d21309e1e
  Mixpanel: 1d387d76800e07e953958c62c97fea27f13632dd
  mopub-ios-sdk: c41d03bf7a9e13281e72665e792881a2bf5dc31c
  PaymentKit: 323c25233af5060880daa0c31366d4b688c34487
  PureLayout: 270dfee2236f697ab1d5e2771c2e5c248495fa0d
  Stripe: 8a456332f4db97bd0b8457fc8cce1e1a69ac0cd1
  UICKeyChainStore: e81dc3b58d56ffaed61ab6669eb97071e53fc377

COCOAPODS: 0.38.2
