PODS:
  - Canvas (0.1.2)
  - Mixpanel (2.7.3):
    - Mixpanel/MPCategoryHelpers (= 2.7.3)
  - Mixpanel/MPCategoryHelpers (2.7.3)
  - PaymentKit (1.1.1)
  - Stripe (3.1.0):
    - Stripe/Core (= 3.1.0)
  - Stripe/ApplePay (3.1.0):
    - Stripe/Core
  - Stripe/Core (3.1.0)

DEPENDENCIES:
  - Canvas
  - Mixpanel
  - PaymentKit
  - Stripe
  - Stripe/ApplePay

SPEC CHECKSUMS:
  Canvas: eb861e3b555d032648146c8ffda1a5dea40059ca
  Mixpanel: 1d387d76800e07e953958c62c97fea27f13632dd
  PaymentKit: 323c25233af5060880daa0c31366d4b688c34487
  Stripe: 8a456332f4db97bd0b8457fc8cce1e1a69ac0cd1

COCOAPODS: 0.36.0
